
Microsoft Visual Studio Solution File, Format Version 12.00
# Visual Studio Version 17
VisualStudioVersion = 17.9.34616.47
MinimumVisualStudioVersion = 10.0.40219.1
Project("{FAE04EC0-301F-11D3-BF4B-00C04F79EFBC}") = "FlashionAuth", "FlashionAuth\FlashionAuth.csproj", "{54C8738C-C4B5-4512-9BF9-3E498983ACB8}"
EndProject
Global
	GlobalSection(SolutionConfigurationPlatforms) = preSolution
		Debug|Any CPU = Debug|Any CPU
		Release|Any CPU = Release|Any CPU
	EndGlobalSection
	GlobalSection(ProjectConfigurationPlatforms) = postSolution
		{54C8738C-C4B5-4512-9BF9-3E498983ACB8}.Debug|Any CPU.ActiveCfg = Debug|Any CPU
		{54C8738C-C4B5-4512-9BF9-3E498983ACB8}.Debug|Any CPU.Build.0 = Debug|Any CPU
		{54C8738C-C4B5-4512-9BF9-3E498983ACB8}.Release|Any CPU.ActiveCfg = Release|Any CPU
		{54C8738C-C4B5-4512-9BF9-3E498983ACB8}.Release|Any CPU.Build.0 = Release|Any CPU
	EndGlobalSection
	GlobalSection(SolutionProperties) = preSolution
		HideSolutionNode = FALSE
	EndGlobalSection
	GlobalSection(ExtensibilityGlobals) = postSolution
		SolutionGuid = {925751AA-1552-448A-BC9B-236D5C689EDA}
	EndGlobalSection
EndGlobal
